// !$*UTF8*$!
{
	archiveVersion = 1;
	classes = {
	};
	objectVersion = 77;
	objects = {

/* Begin PBXBuildFile section */
		E2BEA7502D5218E3006CB1E9 /* Assets.xcassets in Resources */ = {isa = PBXBuildFile; fileRef = E2BEA7472D5218E3006CB1E9 /* Assets.xcassets */; };
		E2BEA7522D5218E3006CB1E9 /* LaunchScreen.storyboard in Resources */ = {isa = PBXBuildFile; fileRef = E2BEA74A2D5218E3006CB1E9 /* LaunchScreen.storyboard */; };
		E2BEA7542D5218E3006CB1E9 /* AppDelegate.swift in Sources */ = {isa = PBXBuildFile; fileRef = E2BEA7462D5218E3006CB1E9 /* AppDelegate.swift */; };
		E2BEA7552D5218E3006CB1E9 /* SceneDelegate.swift in Sources */ = {isa = PBXBuildFile; fileRef = E2BEA74D2D5218E3006CB1E9 /* SceneDelegate.swift */; };
		E2BEA7562D5218E3006CB1E9 /* ViewController.swift in Sources */ = {isa = PBXBuildFile; fileRef = E2BEA74E2D5218E3006CB1E9 /* ViewController.swift */; };
		E2BEA7612D52298D006CB1E9 /* Lato-Regular.ttf in Resources */ = {isa = PBXBuildFile; fileRef = E2BEA7602D52298D006CB1E9 /* Lato-Regular.ttf */; };
		E2BEA7632D52299F006CB1E9 /* Lato-Semibold.ttf in Resources */ = {isa = PBXBuildFile; fileRef = E2BEA7622D52299F006CB1E9 /* Lato-Semibold.ttf */; };
		E2BEA7652D5229AC006CB1E9 /* Lato-Bold.ttf in Resources */ = {isa = PBXBuildFile; fileRef = E2BEA7642D5229AC006CB1E9 /* Lato-Bold.ttf */; };
/* End PBXBuildFile section */

/* Begin PBXFileReference section */
		E2BEA71C2D5214AF006CB1E9 /* catch-them-all.app */ = {isa = PBXFileReference; explicitFileType = wrapper.application; includeInIndex = 0; path = "catch-them-all.app"; sourceTree = BUILT_PRODUCTS_DIR; };
		E2BEA7462D5218E3006CB1E9 /* AppDelegate.swift */ = {isa = PBXFileReference; lastKnownFileType = sourcecode.swift; path = AppDelegate.swift; sourceTree = "<group>"; };
		E2BEA7472D5218E3006CB1E9 /* Assets.xcassets */ = {isa = PBXFileReference; lastKnownFileType = folder.assetcatalog; path = Assets.xcassets; sourceTree = "<group>"; };
		E2BEA7482D5218E3006CB1E9 /* Info.plist */ = {isa = PBXFileReference; lastKnownFileType = text.plist.xml; path = Info.plist; sourceTree = "<group>"; };
		E2BEA7492D5218E3006CB1E9 /* Base */ = {isa = PBXFileReference; lastKnownFileType = file.storyboard; name = Base; path = Base.lproj/LaunchScreen.storyboard; sourceTree = "<group>"; };
		E2BEA74D2D5218E3006CB1E9 /* SceneDelegate.swift */ = {isa = PBXFileReference; lastKnownFileType = sourcecode.swift; path = SceneDelegate.swift; sourceTree = "<group>"; };
		E2BEA74E2D5218E3006CB1E9 /* ViewController.swift */ = {isa = PBXFileReference; lastKnownFileType = sourcecode.swift; path = ViewController.swift; sourceTree = "<group>"; };
		E2BEA7602D52298D006CB1E9 /* Lato-Regular.ttf */ = {isa = PBXFileReference; lastKnownFileType = file; path = "Lato-Regular.ttf"; sourceTree = "<group>"; };
		E2BEA7622D52299F006CB1E9 /* Lato-Semibold.ttf */ = {isa = PBXFileReference; lastKnownFileType = file; path = "Lato-Semibold.ttf"; sourceTree = "<group>"; };
		E2BEA7642D5229AC006CB1E9 /* Lato-Bold.ttf */ = {isa = PBXFileReference; lastKnownFileType = file; path = "Lato-Bold.ttf"; sourceTree = "<group>"; };
/* End PBXFileReference section */

/* Begin PBXFrameworksBuildPhase section */
		E2BEA7192D5214AF006CB1E9 /* Frameworks */ = {
			isa = PBXFrameworksBuildPhase;
			buildActionMask = 2147483647;
			files = (
			);
			runOnlyForDeploymentPostprocessing = 0;
		};
/* End PBXFrameworksBuildPhase section */

/* Begin PBXGroup section */
		E2BEA7132D5214AF006CB1E9 = {
			isa = PBXGroup;
			children = (
				E2BEA74F2D5218E3006CB1E9 /* catch-them-all */,
				E2BEA71D2D5214AF006CB1E9 /* Products */,
			);
			sourceTree = "<group>";
		};
		E2BEA71D2D5214AF006CB1E9 /* Products */ = {
			isa = PBXGroup;
			children = (
				E2BEA71C2D5214AF006CB1E9 /* catch-them-all.app */,
			);
			name = Products;
			sourceTree = "<group>";
		};
		E2BEA74F2D5218E3006CB1E9 /* catch-them-all */ = {
			isa = PBXGroup;
			children = (
				E2BEA7462D5218E3006CB1E9 /* AppDelegate.swift */,
				E2BEA74D2D5218E3006CB1E9 /* SceneDelegate.swift */,
				E2BEA7482D5218E3006CB1E9 /* Info.plist */,
				E2BEA7572D521942006CB1E9 /* Model */,
				E2BEA7582D521951006CB1E9 /* View */,
				E2BEA7592D52195F006CB1E9 /* ViewModel */,
				E2BEA75E2D521F36006CB1E9 /* Controller */,
				E2BEA75A2D521D8F006CB1E9 /* Resources */,
				E2BEA75B2D521D9C006CB1E9 /* Extensions */,
				E2BEA75C2D521DA8006CB1E9 /* Helpers */,
			);
			path = "catch-them-all";
			sourceTree = "<group>";
		};
		E2BEA7572D521942006CB1E9 /* Model */ = {
			isa = PBXGroup;
			children = (
			);
			path = Model;
			sourceTree = "<group>";
		};
		E2BEA7582D521951006CB1E9 /* View */ = {
			isa = PBXGroup;
			children = (
				E2BEA75D2D521DFE006CB1E9 /* Storyboards */,
			);
			path = View;
			sourceTree = "<group>";
		};
		E2BEA7592D52195F006CB1E9 /* ViewModel */ = {
			isa = PBXGroup;
			children = (
			);
			path = ViewModel;
			sourceTree = "<group>";
		};
		E2BEA75A2D521D8F006CB1E9 /* Resources */ = {
			isa = PBXGroup;
			children = (
				E2BEA75F2D52296C006CB1E9 /* Fonts */,
				E2BEA7472D5218E3006CB1E9 /* Assets.xcassets */,
			);
			path = Resources;
			sourceTree = "<group>";
		};
		E2BEA75B2D521D9C006CB1E9 /* Extensions */ = {
			isa = PBXGroup;
			children = (
			);
			path = Extensions;
			sourceTree = "<group>";
		};
		E2BEA75C2D521DA8006CB1E9 /* Helpers */ = {
			isa = PBXGroup;
			children = (
			);
			path = Helpers;
			sourceTree = "<group>";
		};
		E2BEA75D2D521DFE006CB1E9 /* Storyboards */ = {
			isa = PBXGroup;
			children = (
				E2BEA74A2D5218E3006CB1E9 /* LaunchScreen.storyboard */,
			);
			path = Storyboards;
			sourceTree = "<group>";
		};
		E2BEA75E2D521F36006CB1E9 /* Controller */ = {
			isa = PBXGroup;
			children = (
				E2BEA74E2D5218E3006CB1E9 /* ViewController.swift */,
			);
			path = Controller;
			sourceTree = "<group>";
		};
		E2BEA75F2D52296C006CB1E9 /* Fonts */ = {
			isa = PBXGroup;
			children = (
				E2BEA7642D5229AC006CB1E9 /* Lato-Bold.ttf */,
				E2BEA7622D52299F006CB1E9 /* Lato-Semibold.ttf */,
				E2BEA7602D52298D006CB1E9 /* Lato-Regular.ttf */,
			);
			path = Fonts;
			sourceTree = "<group>";
		};
/* End PBXGroup section */

/* Begin PBXNativeTarget section */
		E2BEA71B2D5214AF006CB1E9 /* catch-them-all */ = {
			isa = PBXNativeTarget;
			buildConfigurationList = E2BEA72F2D5214B1006CB1E9 /* Build configuration list for PBXNativeTarget "catch-them-all" */;
			buildPhases = (
				E2BEA7182D5214AF006CB1E9 /* Sources */,
				E2BEA7192D5214AF006CB1E9 /* Frameworks */,
				E2BEA71A2D5214AF006CB1E9 /* Resources */,
			);
			buildRules = (
			);
			dependencies = (
			);
			name = "catch-them-all";
			packageProductDependencies = (
			);
			productName = "catch-them-all";
			productReference = E2BEA71C2D5214AF006CB1E9 /* catch-them-all.app */;
			productType = "com.apple.product-type.application";
		};
/* End PBXNativeTarget section */

/* Begin PBXProject section */
		E2BEA7142D5214AF006CB1E9 /* Project object */ = {
			isa = PBXProject;
			attributes = {
				BuildIndependentTargetsInParallel = 1;
				LastSwiftUpdateCheck = 1620;
				LastUpgradeCheck = 1620;
				TargetAttributes = {
					E2BEA71B2D5214AF006CB1E9 = {
						CreatedOnToolsVersion = 16.2;
					};
				};
			};
			buildConfigurationList = E2BEA7172D5214AF006CB1E9 /* Build configuration list for PBXProject "catch-them-all" */;
			developmentRegion = en;
			hasScannedForEncodings = 0;
			knownRegions = (
				en,
				Base,
			);
			mainGroup = E2BEA7132D5214AF006CB1E9;
			minimizedProjectReferenceProxies = 1;
			preferredProjectObjectVersion = 77;
			productRefGroup = E2BEA71D2D5214AF006CB1E9 /* Products */;
			projectDirPath = "";
			projectRoot = "";
			targets = (
				E2BEA71B2D5214AF006CB1E9 /* catch-them-all */,
			);
		};
/* End PBXProject section */

/* Begin PBXResourcesBuildPhase section */
		E2BEA71A2D5214AF006CB1E9 /* Resources */ = {
			isa = PBXResourcesBuildPhase;
			buildActionMask = 2147483647;
			files = (
				E2BEA7502D5218E3006CB1E9 /* Assets.xcassets in Resources */,
				E2BEA7652D5229AC006CB1E9 /* Lato-Bold.ttf in Resources */,
				E2BEA7632D52299F006CB1E9 /* Lato-Semibold.ttf in Resources */,
				E2BEA7612D52298D006CB1E9 /* Lato-Regular.ttf in Resources */,
				E2BEA7522D5218E3006CB1E9 /* LaunchScreen.storyboard in Resources */,
			);
			runOnlyForDeploymentPostprocessing = 0;
		};
/* End PBXResourcesBuildPhase section */

/* Begin PBXSourcesBuildPhase section */
		E2BEA7182D5214AF006CB1E9 /* Sources */ = {
			isa = PBXSourcesBuildPhase;
			buildActionMask = 2147483647;
			files = (
				E2BEA7542D5218E3006CB1E9 /* AppDelegate.swift in Sources */,
				E2BEA7552D5218E3006CB1E9 /* SceneDelegate.swift in Sources */,
				E2BEA7562D5218E3006CB1E9 /* ViewController.swift in Sources */,
			);
			runOnlyForDeploymentPostprocessing = 0;
		};
/* End PBXSourcesBuildPhase section */

/* Begin PBXVariantGroup section */
		E2BEA74A2D5218E3006CB1E9 /* LaunchScreen.storyboard */ = {
			isa = PBXVariantGroup;
			children = (
				E2BEA7492D5218E3006CB1E9 /* Base */,
			);
			name = LaunchScreen.storyboard;
			sourceTree = "<group>";
		};
/* End PBXVariantGroup section */

/* Begin XCBuildConfiguration section */
		E2BEA7302D5214B1006CB1E9 /* Debug */ = {
			isa = XCBuildConfiguration;
			buildSettings = {
				ASSETCATALOG_COMPILER_APPICON_NAME = AppIcon;
				ASSETCATALOG_COMPILER_GLOBAL_ACCENT_COLOR_NAME = AccentColor;
				CODE_SIGN_STYLE = Automatic;
				CURRENT_PROJECT_VERSION = 1;
				GENERATE_INFOPLIST_FILE = YES;
				INFOPLIST_FILE = "catch-them-all/Info.plist";
				INFOPLIST_KEY_UIApplicationSupportsIndirectInputEvents = YES;
				INFOPLIST_KEY_UILaunchStoryboardName = LaunchScreen;
				INFOPLIST_KEY_UIMainStoryboardFile = "";
				INFOPLIST_KEY_UISupportedInterfaceOrientations = UIInterfaceOrientationPortrait;
				IPHONEOS_DEPLOYMENT_TARGET = 15;
				LD_RUNPATH_SEARCH_PATHS = (
					"$(inherited)",
					"@executable_path/Frameworks",
				);
				MARKETING_VERSION = 1.0;
				PRODUCT_BUNDLE_IDENTIFIER = "com.mycompany.catch-them-all";
				PRODUCT_NAME = "$(TARGET_NAME)";
				SWIFT_EMIT_LOC_STRINGS = YES;
				SWIFT_VERSION = 5.0;
				TARGETED_DEVICE_FAMILY = "1,2";
			};
			name = Debug;
		};
		E2BEA7312D5214B1006CB1E9 /* Release */ = {
			isa = XCBuildConfiguration;
			buildSettings = {
				ASSETCATALOG_COMPILER_APPICON_NAME = AppIcon;
				ASSETCATALOG_COMPILER_GLOBAL_ACCENT_COLOR_NAME = AccentColor;
				CODE_SIGN_STYLE = Automatic;
				CURRENT_PROJECT_VERSION = 1;
				GENERATE_INFOPLIST_FILE = YES;
				INFOPLIST_FILE = "catch-them-all/Info.plist";
				INFOPLIST_KEY_UIApplicationSupportsIndirectInputEvents = YES;
				INFOPLIST_KEY_UILaunchStoryboardName = LaunchScreen;
				INFOPLIST_KEY_UIMainStoryboardFile = "";
				INFOPLIST_KEY_UISupportedInterfaceOrientations = UIInterfaceOrientationPortrait;
				IPHONEOS_DEPLOYMENT_TARGET = 15;
				LD_RUNPATH_SEARCH_PATHS = (
					"$(inherited)",
					"@executable_path/Frameworks",
				);
				MARKETING_VERSION = 1.0;
				PRODUCT_BUNDLE_IDENTIFIER = "com.mycompany.catch-them-all";
				PRODUCT_NAME = "$(TARGET_NAME)";
				SWIFT_EMIT_LOC_STRINGS = YES;
				SWIFT_VERSION = 5.0;
				TARGETED_DEVICE_FAMILY = "1,2";
			};
			name = Release;
		};
		E2BEA7322D5214B1006CB1E9 /* Debug */ = {
			isa = XCBuildConfiguration;
			buildSettings = {
				ALWAYS_SEARCH_USER_PATHS = NO;
				ASSETCATALOG_COMPILER_GENERATE_SWIFT_ASSET_SYMBOL_EXTENSIONS = YES;
				CLANG_ANALYZER_NONNULL = YES;
				CLANG_ANALYZER_NUMBER_OBJECT_CONVERSION = YES_AGGRESSIVE;
				CLANG_CXX_LANGUAGE_STANDARD = "gnu++20";
				CLANG_ENABLE_MODULES = YES;
				CLANG_ENABLE_OBJC_ARC = YES;
				CLANG_ENABLE_OBJC_WEAK = YES;
				CLANG_WARN_BLOCK_CAPTURE_AUTORELEASING = YES;
				CLANG_WARN_BOOL_CONVERSION = YES;
				CLANG_WARN_COMMA = YES;
				CLANG_WARN_CONSTANT_CONVERSION = YES;
				CLANG_WARN_DEPRECATED_OBJC_IMPLEMENTATIONS = YES;
				CLANG_WARN_DIRECT_OBJC_ISA_USAGE = YES_ERROR;
				CLANG_WARN_DOCUMENTATION_COMMENTS = YES;
				CLANG_WARN_EMPTY_BODY = YES;
				CLANG_WARN_ENUM_CONVERSION = YES;
				CLANG_WARN_INFINITE_RECURSION = YES;
				CLANG_WARN_INT_CONVERSION = YES;
				CLANG_WARN_NON_LITERAL_NULL_CONVERSION = YES;
				CLANG_WARN_OBJC_IMPLICIT_RETAIN_SELF = YES;
				CLANG_WARN_OBJC_LITERAL_CONVERSION = YES;
				CLANG_WARN_OBJC_ROOT_CLASS = YES_ERROR;
				CLANG_WARN_QUOTED_INCLUDE_IN_FRAMEWORK_HEADER = YES;
				CLANG_WARN_RANGE_LOOP_ANALYSIS = YES;
				CLANG_WARN_STRICT_PROTOTYPES = YES;
				CLANG_WARN_SUSPICIOUS_MOVE = YES;
				CLANG_WARN_UNGUARDED_AVAILABILITY = YES_AGGRESSIVE;
				CLANG_WARN_UNREACHABLE_CODE = YES;
				CLANG_WARN__DUPLICATE_METHOD_MATCH = YES;
				COPY_PHASE_STRIP = NO;
				DEBUG_INFORMATION_FORMAT = dwarf;
				ENABLE_STRICT_OBJC_MSGSEND = YES;
				ENABLE_TESTABILITY = YES;
				ENABLE_USER_SCRIPT_SANDBOXING = YES;
				GCC_C_LANGUAGE_STANDARD = gnu17;
				GCC_DYNAMIC_NO_PIC = NO;
				GCC_NO_COMMON_BLOCKS = YES;
				GCC_OPTIMIZATION_LEVEL = 0;
				GCC_PREPROCESSOR_DEFINITIONS = (
					"DEBUG=1",
					"$(inherited)",
				);
				GCC_WARN_64_TO_32_BIT_CONVERSION = YES;
				GCC_WARN_ABOUT_RETURN_TYPE = YES_ERROR;
				GCC_WARN_UNDECLARED_SELECTOR = YES;
				GCC_WARN_UNINITIALIZED_AUTOS = YES_AGGRESSIVE;
				GCC_WARN_UNUSED_FUNCTION = YES;
				GCC_WARN_UNUSED_VARIABLE = YES;
				IPHONEOS_DEPLOYMENT_TARGET = 18.2;
				LOCALIZATION_PREFERS_STRING_CATALOGS = YES;
				MTL_ENABLE_DEBUG_INFO = INCLUDE_SOURCE;
				MTL_FAST_MATH = YES;
				ONLY_ACTIVE_ARCH = YES;
				SDKROOT = iphoneos;
				SWIFT_ACTIVE_COMPILATION_CONDITIONS = "DEBUG $(inherited)";
				SWIFT_OPTIMIZATION_LEVEL = "-Onone";
			};
			name = Debug;
		};
		E2BEA7332D5214B1006CB1E9 /* Release */ = {
			isa = XCBuildConfiguration;
			buildSettings = {
				ALWAYS_SEARCH_USER_PATHS = NO;
				ASSETCATALOG_COMPILER_GENERATE_SWIFT_ASSET_SYMBOL_EXTENSIONS = YES;
				CLANG_ANALYZER_NONNULL = YES;
				CLANG_ANALYZER_NUMBER_OBJECT_CONVERSION = YES_AGGRESSIVE;
				CLANG_CXX_LANGUAGE_STANDARD = "gnu++20";
				CLANG_ENABLE_MODULES = YES;
				CLANG_ENABLE_OBJC_ARC = YES;
				CLANG_ENABLE_OBJC_WEAK = YES;
				CLANG_WARN_BLOCK_CAPTURE_AUTORELEASING = YES;
				CLANG_WARN_BOOL_CONVERSION = YES;
				CLANG_WARN_COMMA = YES;
				CLANG_WARN_CONSTANT_CONVERSION = YES;
				CLANG_WARN_DEPRECATED_OBJC_IMPLEMENTATIONS = YES;
				CLANG_WARN_DIRECT_OBJC_ISA_USAGE = YES_ERROR;
				CLANG_WARN_DOCUMENTATION_COMMENTS = YES;
				CLANG_WARN_EMPTY_BODY = YES;
				CLANG_WARN_ENUM_CONVERSION = YES;
				CLANG_WARN_INFINITE_RECURSION = YES;
				CLANG_WARN_INT_CONVERSION = YES;
				CLANG_WARN_NON_LITERAL_NULL_CONVERSION = YES;
				CLANG_WARN_OBJC_IMPLICIT_RETAIN_SELF = YES;
				CLANG_WARN_OBJC_LITERAL_CONVERSION = YES;
				CLANG_WARN_OBJC_ROOT_CLASS = YES_ERROR;
				CLANG_WARN_QUOTED_INCLUDE_IN_FRAMEWORK_HEADER = YES;
				CLANG_WARN_RANGE_LOOP_ANALYSIS = YES;
				CLANG_WARN_STRICT_PROTOTYPES = YES;
				CLANG_WARN_SUSPICIOUS_MOVE = YES;
				CLANG_WARN_UNGUARDED_AVAILABILITY = YES_AGGRESSIVE;
				CLANG_WARN_UNREACHABLE_CODE = YES;
				CLANG_WARN__DUPLICATE_METHOD_MATCH = YES;
				COPY_PHASE_STRIP = NO;
				DEBUG_INFORMATION_FORMAT = "dwarf-with-dsym";
				ENABLE_NS_ASSERTIONS = NO;
				ENABLE_STRICT_OBJC_MSGSEND = YES;
				ENABLE_USER_SCRIPT_SANDBOXING = YES;
				GCC_C_LANGUAGE_STANDARD = gnu17;
				GCC_NO_COMMON_BLOCKS = YES;
				GCC_WARN_64_TO_32_BIT_CONVERSION = YES;
				GCC_WARN_ABOUT_RETURN_TYPE = YES_ERROR;
				GCC_WARN_UNDECLARED_SELECTOR = YES;
				GCC_WARN_UNINITIALIZED_AUTOS = YES_AGGRESSIVE;
				GCC_WARN_UNUSED_FUNCTION = YES;
				GCC_WARN_UNUSED_VARIABLE = YES;
				IPHONEOS_DEPLOYMENT_TARGET = 18.2;
				LOCALIZATION_PREFERS_STRING_CATALOGS = YES;
				MTL_ENABLE_DEBUG_INFO = NO;
				MTL_FAST_MATH = YES;
				SDKROOT = iphoneos;
				SWIFT_COMPILATION_MODE = wholemodule;
				VALIDATE_PRODUCT = YES;
			};
			name = Release;
		};
/* End XCBuildConfiguration section */

/* Begin XCConfigurationList section */
		E2BEA7172D5214AF006CB1E9 /* Build configuration list for PBXProject "catch-them-all" */ = {
			isa = XCConfigurationList;
			buildConfigurations = (
				E2BEA7322D5214B1006CB1E9 /* Debug */,
				E2BEA7332D5214B1006CB1E9 /* Release */,
			);
			defaultConfigurationIsVisible = 0;
			defaultConfigurationName = Release;
		};
		E2BEA72F2D5214B1006CB1E9 /* Build configuration list for PBXNativeTarget "catch-them-all" */ = {
			isa = XCConfigurationList;
			buildConfigurations = (
				E2BEA7302D5214B1006CB1E9 /* Debug */,
				E2BEA7312D5214B1006CB1E9 /* Release */,
			);
			defaultConfigurationIsVisible = 0;
			defaultConfigurationName = Release;
		};
/* End XCConfigurationList section */
	};
	rootObject = E2BEA7142D5214AF006CB1E9 /* Project object */;
}
